
Microsoft Visual Studio Solution File, Format Version 12.00
# Visual Studio Version 17
VisualStudioVersion = 17.0.32014.148
MinimumVisualStudioVersion = 10.0.40219.1
Project("{FAE04EC0-301F-11D3-BF4B-00C04F79EFBC}") = "ToDoApp", "ToDoApp.csproj", "{CF315D2A-3CE7-405D-A558-91B345602315}"
EndProject
Global
	GlobalSection(SolutionConfigurationPlatforms) = preSolution
		Debug|Any CPU = Debug|Any CPU
		Release|Any CPU = Release|Any CPU
	EndGlobalSection
	GlobalSection(ProjectConfigurationPlatforms) = postSolution
		{CF315D2A-3CE7-405D-A558-91B345602315}.Debug|Any CPU.ActiveCfg = Debug|Any CPU
		{CF315D2A-3CE7-405D-A558-91B345602315}.Debug|Any CPU.Build.0 = Debug|Any CPU
		{CF315D2A-3CE7-405D-A558-91B345602315}.Release|Any CPU.ActiveCfg = Release|Any CPU
		{CF315D2A-3CE7-405D-A558-91B345602315}.Release|Any CPU.Build.0 = Release|Any CPU
	EndGlobalSection
	GlobalSection(SolutionProperties) = preSolution
		HideSolutionNode = FALSE
	EndGlobalSection
	GlobalSection(ExtensibilityGlobals) = postSolution
		SolutionGuid = {33540D82-3EA0-4667-BC81-2687637BFFB0}
	EndGlobalSection
EndGlobal
